
Microsoft Visual Studio Solution File, Format Version 12.00
# Visual Studio Version 17
VisualStudioVersion = 17.7.34031.279
MinimumVisualStudioVersion = 10.0.40219.1
Project("{FAE04EC0-301F-11D3-BF4B-00C04F79EFBC}") = "ConsoleApp1", "ConsoleApp1.csproj", "{E4FA1F29-C55D-4F7B-9FB0-A65BD2D85D41}"
EndProject
Global
	GlobalSection(SolutionConfigurationPlatforms) = preSolution
		Debug|Any CPU = Debug|Any CPU
		Release|Any CPU = Release|Any CPU
	EndGlobalSection
	GlobalSection(ProjectConfigurationPlatforms) = postSolution
		{E4FA1F29-C55D-4F7B-9FB0-A65BD2D85D41}.Debug|Any CPU.ActiveCfg = Debug|Any CPU
		{E4FA1F29-C55D-4F7B-9FB0-A65BD2D85D41}.Debug|Any CPU.Build.0 = Debug|Any CPU
		{E4FA1F29-C55D-4F7B-9FB0-A65BD2D85D41}.Release|Any CPU.ActiveCfg = Release|Any CPU
		{E4FA1F29-C55D-4F7B-9FB0-A65BD2D85D41}.Release|Any CPU.Build.0 = Release|Any CPU
	EndGlobalSection
	GlobalSection(SolutionProperties) = preSolution
		HideSolutionNode = FALSE
	EndGlobalSection
	GlobalSection(ExtensibilityGlobals) = postSolution
		SolutionGuid = {61BB07D2-8B8F-4540-8064-90AE90B282B9}
	EndGlobalSection
EndGlobal
